
Microsoft Visual Studio Solution File, Format Version 12.00
# Visual Studio 2012
Project("{FAE04EC0-301F-11D3-BF4B-00C04F79EFBC}") = "CSIARS.MainWebsite.UI", "CSIARS.MainWebsite.UI\CSIARS.MainWebsite.UI.csproj", "{B2CF2F31-424C-4EE6-8C4D-39804862E5F7}"
EndProject
Global
	GlobalSection(SolutionConfigurationPlatforms) = preSolution
		Debug|Any CPU = Debug|Any CPU
		Release|Any CPU = Release|Any CPU
	EndGlobalSection
	GlobalSection(ProjectConfigurationPlatforms) = postSolution
		{B2CF2F31-424C-4EE6-8C4D-39804862E5F7}.Debug|Any CPU.ActiveCfg = Debug|Any CPU
		{B2CF2F31-424C-4EE6-8C4D-39804862E5F7}.Debug|Any CPU.Build.0 = Debug|Any CPU
		{B2CF2F31-424C-4EE6-8C4D-39804862E5F7}.Release|Any CPU.ActiveCfg = Release|Any CPU
		{B2CF2F31-424C-4EE6-8C4D-39804862E5F7}.Release|Any CPU.Build.0 = Release|Any CPU
	EndGlobalSection
	GlobalSection(SolutionProperties) = preSolution
		HideSolutionNode = FALSE
	EndGlobalSection
EndGlobal
